{
    "_meta": {
        "hash": {
            "sha256": "71c7b7e6a08d2183a104690e1f38346bdd835f8a99215420925f239a9c1ccd76"
        },
        "pipfile-spec": 6,
        "requires": {
            "python_version": "3.8"
        },
        "sources": [
            {
                "name": "pypi",
                "url": "https://pypi.org/simple",
                "verify_ssl": true
            }
        ]
    },
    "default": {
        "backcall": {
            "hashes": [
                "sha256:5cbdbf27be5e7cfadb448baf0aa95508f91f2bbc6c6437cd9cd06e2a4c215e1e",
                "sha256:fbbce6a29f263178a1f7915c1940bde0ec2b2a967566fe1c65c1dfb7422bd255"
            ],
            "version": "==0.2.0"
        },
        "cycler": {
            "hashes": [
                "sha256:3a27e95f763a428a739d2add979fa7494c912a32c17c4c38c4d5f082cad165a3",
                "sha256:9c87405839a19696e837b3b818fed3f5f69f16f1eec1a1ad77e043dcea9c772f"
            ],
            "markers": "python_version >= '3.6'",
            "version": "==0.11.0"
        },
        "decorator": {
            "hashes": [
                "sha256:637996211036b6385ef91435e4fae22989472f9d571faba8927ba8253acbc330",
                "sha256:b8c3f85900b9dc423225913c5aace94729fe1fa9763b38939a95226f02d37186"
            ],
            "markers": "python_version >= '3.5'",
            "version": "==5.1.1"
        },
        "imageio": {
            "hashes": [
                "sha256:7f123cb23a77ac5abe8ed4e7ad6a60831a82de2c5d123463dcf1d4278c4779d2",
                "sha256:d8d17c59b6f5f3b350bbbe346e7cb7dda0399b1881d93ad01cb29b5acdb24c42"
            ],
            "markers": "python_version >= '3.7'",
            "version": "==2.16.1"
        },
        "ipython": {
            "hashes": [
                "sha256:1918dea4bfdc5d1a830fcfce9a710d1d809cbed123e85eab0539259cb0f56640",
                "sha256:1923af00820a8cf58e91d56b89efc59780a6e81363b94464a0f17c039dffff9e"
            ],
            "index": "pypi",
            "version": "==7.20.0"
        },
        "jedi": {
            "hashes": [
                "sha256:637c9635fcf47945ceb91cd7f320234a7be540ded6f3e99a50cb6febdfd1ba8d",
                "sha256:74137626a64a99c8eb6ae5832d99b3bdd7d29a3850fe2aa80a4126b2a7d949ab"
            ],
            "markers": "python_version >= '3.6'",
            "version": "==0.18.1"
        },
        "joblib": {
            "hashes": [
                "sha256:4158fcecd13733f8be669be0683b96ebdbbd38d23559f54dca7205aea1bf1e35",
                "sha256:f21f109b3c7ff9d95f8387f752d0d9c34a02aa2f7060c2135f465da0e5160ff6"
            ],
            "markers": "python_version >= '3.6'",
            "version": "==1.1.0"
        },
        "kiwisolver": {
            "hashes": [
                "sha256:0007840186bacfaa0aba4466d5890334ea5938e0bb7e28078a0eb0e63b5b59d5",
                "sha256:19554bd8d54cf41139f376753af1a644b63c9ca93f8f72009d50a2080f870f77",
                "sha256:1d45d1c74f88b9f41062716c727f78f2a59a5476ecbe74956fafb423c5c87a76",
                "sha256:1d819553730d3c2724582124aee8a03c846ec4362ded1034c16fb3ef309264e6",
                "sha256:2210f28778c7d2ee13f3c2a20a3a22db889e75f4ec13a21072eabb5693801e84",
                "sha256:22521219ca739654a296eea6d4367703558fba16f98688bd8ce65abff36eaa84",
                "sha256:25405f88a37c5f5bcba01c6e350086d65e7465fd1caaf986333d2a045045a223",
                "sha256:2b65bd35f3e06a47b5c30ea99e0c2b88f72c6476eedaf8cfbc8e66adb5479dcf",
                "sha256:2ddb500a2808c100e72c075cbb00bf32e62763c82b6a882d403f01a119e3f402",
                "sha256:2f8f6c8f4f1cff93ca5058d6ec5f0efda922ecb3f4c5fb76181f327decff98b8",
                "sha256:30fa008c172355c7768159983a7270cb23838c4d7db73d6c0f6b60dde0d432c6",
                "sha256:3dbb3cea20b4af4f49f84cffaf45dd5f88e8594d18568e0225e6ad9dec0e7967",
                "sha256:4116ba9a58109ed5e4cb315bdcbff9838f3159d099ba5259c7c7fb77f8537492",
                "sha256:44e6adf67577dbdfa2d9f06db9fbc5639afefdb5bf2b4dfec25c3a7fbc619536",
                "sha256:5326ddfacbe51abf9469fe668944bc2e399181a2158cb5d45e1d40856b2a0589",
                "sha256:70adc3658138bc77a36ce769f5f183169bc0a2906a4f61f09673f7181255ac9b",
                "sha256:72be6ebb4e92520b9726d7146bc9c9b277513a57a38efcf66db0620aec0097e0",
                "sha256:7843b1624d6ccca403a610d1277f7c28ad184c5aa88a1750c1a999754e65b439",
                "sha256:7ba5a1041480c6e0a8b11a9544d53562abc2d19220bfa14133e0cdd9967e97af",
                "sha256:80efd202108c3a4150e042b269f7c78643420cc232a0a771743bb96b742f838f",
                "sha256:82f49c5a79d3839bc8f38cb5f4bfc87e15f04cbafa5fbd12fb32c941cb529cfb",
                "sha256:83d2c9db5dfc537d0171e32de160461230eb14663299b7e6d18ca6dca21e4977",
                "sha256:8d93a1095f83e908fc253f2fb569c2711414c0bfd451cab580466465b235b470",
                "sha256:8dc3d842fa41a33fe83d9f5c66c0cc1f28756530cd89944b63b072281e852031",
                "sha256:9661a04ca3c950a8ac8c47f53cbc0b530bce1b52f516a1e87b7736fec24bfff0",
                "sha256:a498bcd005e8a3fedd0022bb30ee0ad92728154a8798b703f394484452550507",
                "sha256:a7a4cf5bbdc861987a7745aed7a536c6405256853c94abc9f3287c3fa401b174",
                "sha256:b5074fb09429f2b7bc82b6fb4be8645dcbac14e592128beeff5461dcde0af09f",
                "sha256:b6a5431940f28b6de123de42f0eb47b84a073ee3c3345dc109ad550a3307dd28",
                "sha256:ba677bcaff9429fd1bf01648ad0901cea56c0d068df383d5f5856d88221fe75b",
                "sha256:bcadb05c3d4794eb9eee1dddf1c24215c92fb7b55a80beae7a60530a91060560",
                "sha256:bf7eb45d14fc036514c09554bf983f2a72323254912ed0c3c8e697b62c4c158f",
                "sha256:c358721aebd40c243894298f685a19eb0491a5c3e0b923b9f887ef1193ddf829",
                "sha256:c4550a359c5157aaf8507e6820d98682872b9100ce7607f8aa070b4b8af6c298",
                "sha256:c6572c2dab23c86a14e82c245473d45b4c515314f1f859e92608dcafbd2f19b8",
                "sha256:cba430db673c29376135e695c6e2501c44c256a81495da849e85d1793ee975ad",
                "sha256:dedc71c8eb9c5096037766390172c34fb86ef048b8e8958b4e484b9e505d66bc",
                "sha256:e6f5eb2f53fac7d408a45fbcdeda7224b1cfff64919d0f95473420a931347ae9",
                "sha256:ec2eba188c1906b05b9b49ae55aae4efd8150c61ba450e6721f64620c50b59eb",
                "sha256:ee040a7de8d295dbd261ef2d6d3192f13e2b08ec4a954de34a6fb8ff6422e24c",
                "sha256:eedd3b59190885d1ebdf6c5e0ca56828beb1949b4dfe6e5d0256a461429ac386",
                "sha256:f441422bb313ab25de7b3dbfd388e790eceb76ce01a18199ec4944b369017009",
                "sha256:f8eb7b6716f5b50e9c06207a14172cf2de201e41912ebe732846c02c830455b9",
                "sha256:fc4453705b81d03568d5b808ad8f09c77c47534f6ac2e72e733f9ca4714aa75c"
            ],
            "markers": "python_version >= '3.7'",
            "version": "==1.3.2"
        },
        "matplotlib": {
            "hashes": [
                "sha256:1de0bb6cbfe460725f0e97b88daa8643bcf9571c18ba90bb8e41432aaeca91d6",
                "sha256:1e850163579a8936eede29fad41e202b25923a0a8d5ffd08ce50fc0a97dcdc93",
                "sha256:215e2a30a2090221a9481db58b770ce56b8ef46f13224ae33afe221b14b24dc1",
                "sha256:348e6032f666ffd151b323342f9278b16b95d4a75dfacae84a11d2829a7816ae",
                "sha256:3d2eb9c1cc254d0ffa90bc96fde4b6005d09c2228f99dfd493a4219c1af99644",
                "sha256:3e477db76c22929e4c6876c44f88d790aacdf3c3f8f3a90cb1975c0bf37825b0",
                "sha256:451cc89cb33d6652c509fc6b588dc51c41d7246afdcc29b8624e256b7663ed1f",
                "sha256:46b1a60a04e6d884f0250d5cc8dc7bd21a9a96c584a7acdaab44698a44710bab",
                "sha256:5f571b92a536206f7958f7cb2d367ff6c9a1fa8229dc35020006e4cdd1ca0acd",
                "sha256:672960dd114e342b7c610bf32fb99d14227f29919894388b41553217457ba7ef",
                "sha256:7310e353a4a35477c7f032409966920197d7df3e757c7624fd842f3eeb307d3d",
                "sha256:746a1df55749629e26af7f977ea426817ca9370ad1569436608dc48d1069b87c",
                "sha256:7c155437ae4fd366e2700e2716564d1787700687443de46bcb895fe0f84b761d",
                "sha256:9265ae0fb35e29f9b8cc86c2ab0a2e3dcddc4dd9de4b85bf26c0f63fe5c1c2ca",
                "sha256:94bdd1d55c20e764d8aea9d471d2ae7a7b2c84445e0fa463f02e20f9730783e1",
                "sha256:9a79e5dd7bb797aa611048f5b70588b23c5be05b63eefd8a0d152ac77c4243db",
                "sha256:a17f0a10604fac7627ec82820439e7db611722e80c408a726cd00d8c974c2fb3",
                "sha256:a1acb72f095f1d58ecc2538ed1b8bca0b57df313b13db36ed34b8cdf1868e674",
                "sha256:aa49571d8030ad0b9ac39708ee77bd2a22f87815e12bdee52ecaffece9313ed8",
                "sha256:c24c05f645aef776e8b8931cb81e0f1632d229b42b6d216e30836e2e145a2b40",
                "sha256:cf3a7e54eff792f0815dbbe9b85df2f13d739289c93d346925554f71d484be78",
                "sha256:d738acfdfb65da34c91acbdb56abed46803db39af259b7f194dc96920360dbe4",
                "sha256:e15fa23d844d54e7b3b7243afd53b7567ee71c721f592deb0727ee85e668f96a",
                "sha256:ed4a9e6dcacba56b17a0a9ac22ae2c72a35b7f0ef0693aa68574f0b2df607a89",
                "sha256:f44149a0ef5b4991aaef12a93b8e8d66d6412e762745fea1faa61d98524e0ba9"
            ],
            "index": "pypi",
            "version": "==3.3.4"
        },
        "networkx": {
            "hashes": [
                "sha256:011e85d277c89681e8fa661cf5ff0743443445049b0b68789ad55ef09340c6e0",
                "sha256:d1194ba753e5eed07cdecd1d23c5cd7a3c772099bd8dbd2fea366788cf4de7ba"
            ],
            "markers": "python_version >= '3.8'",
            "version": "==2.7.1"
        },
        "numpy": {
            "hashes": [
                "sha256:07a8c89a04997625236c5ecb7afe35a02af3896c8aa01890a849913a2309c676",
                "sha256:08d9b008d0156c70dc392bb3ab3abb6e7a711383c3247b410b39962263576cd4",
                "sha256:201b4d0552831f7250a08d3b38de0d989d6f6e4658b709a02a73c524ccc6ffce",
                "sha256:2c10a93606e0b4b95c9b04b77dc349b398fdfbda382d2a39ba5a822f669a0123",
                "sha256:3ca688e1b9b95d80250bca34b11a05e389b1420d00e87a0d12dc45f131f704a1",
                "sha256:48a3aecd3b997bf452a2dedb11f4e79bc5bfd21a1d4cc760e703c31d57c84b3e",
                "sha256:568dfd16224abddafb1cbcce2ff14f522abe037268514dd7e42c6776a1c3f8e5",
                "sha256:5bfb1bb598e8229c2d5d48db1860bcf4311337864ea3efdbe1171fb0c5da515d",
                "sha256:639b54cdf6aa4f82fe37ebf70401bbb74b8508fddcf4797f9fe59615b8c5813a",
                "sha256:8251ed96f38b47b4295b1ae51631de7ffa8260b5b087808ef09a39a9d66c97ab",
                "sha256:92bfa69cfbdf7dfc3040978ad09a48091143cffb778ec3b03fa170c494118d75",
                "sha256:97098b95aa4e418529099c26558eeb8486e66bd1e53a6b606d684d0c3616b168",
                "sha256:a3bae1a2ed00e90b3ba5f7bd0a7c7999b55d609e0c54ceb2b076a25e345fa9f4",
                "sha256:c34ea7e9d13a70bf2ab64a2532fe149a9aced424cd05a2c4ba662fd989e3e45f",
                "sha256:dbc7601a3b7472d559dc7b933b18b4b66f9aa7452c120e87dfb33d02008c8a18",
                "sha256:e7927a589df200c5e23c57970bafbd0cd322459aa7b1ff73b7c2e84d6e3eae62",
                "sha256:f8c1f39caad2c896bc0018f699882b345b2a63708008be29b1f355ebf6f933fe",
                "sha256:f950f8845b480cffe522913d35567e29dd381b0dc7e4ce6a4a9f9156417d2430",
                "sha256:fade0d4f4d292b6f39951b6836d7a3c7ef5b2347f3c420cd9820a1d90d794802",
                "sha256:fdf3c08bce27132395d3c3ba1503cac12e17282358cb4bddc25cc46b0aca07aa"
            ],
            "markers": "python_version >= '3.8'",
            "version": "==1.22.3"
        },
        "opencv-python": {
            "hashes": [
                "sha256:30edebc81b260bcfeb760b3600c367c5261dfb2fe41e5d1408d5357d0867b40d",
                "sha256:32dee1c9fd3e31e28edef7b56f868e2b40e280b7062304f9fb8a14dbc51547d5",
                "sha256:4982fa8ccc38310a2bd93e06334ba090b12b6aff2f6fcb8ff9613e3c9bc48f48",
                "sha256:5172cb37dfd8a0b4945b071a493eb36e5f17675a160637fa380f9c1d9d80535c",
                "sha256:6d8434a45e8f75c4da5fd0068ce001f4f8e35771cc851d746d4721eeaf517e25",
                "sha256:78a6db8467639383caedf1d111da3510a4ee1a0aacf2117821cae2ee8f92ce37",
                "sha256:9646875c501788b1b098f282d777b667d6da69801739504f1b2fd1268970d1da",
                "sha256:9c77d508e6822f1f40c727d21b822d017622d8305dce7eccf0ab06caac16d5c6",
                "sha256:a1dfa0486db367594510c0c799ec7481247dc86e651b69008806d875ab731471",
                "sha256:b2b9ac86aec5f2dd531545cebdea1a1ef4f81ef1fb1760d78b4725f9575504f9",
                "sha256:bcb27773cfd5340b2b599b303d9f5499838ef4780c20c038f6030175408c64df",
                "sha256:c0503bfaa2b7b743d6ff5d81f1dd8428dbf4c33e7e4f836456d11be20c2e7721",
                "sha256:c1159d91f29a85c3333edef6ca420284566d9bcdae46dda2fe7282515b48c8b6",
                "sha256:c4ea4f8b217f3e8be6247fc0787fb81797d85202c722523f41070124a7a621c7",
                "sha256:c8cc1f5ff3c352ebe756119014c4e4ec7ae5ac536d1f66b0316667ced37637c8",
                "sha256:d16144c435b816c5536d5ff012c1a2b7e93155017db7103942ff7efb98c4df1f",
                "sha256:d8aefcb30b71064dbbaa2b0ace161a36464c29375a83998fbda39a1d1740f942",
                "sha256:e27d062fa1098d90f48b6c047351c89816492a08906a021c973ce510b04a7b9d",
                "sha256:e2c17714da59d9d516ceef0450766ff9557ee232d62f702665af905193557582",
                "sha256:e38fbd7b2db03204ec09930609b7313d6b6d2b271c8fe2c0aa271fa69b726a1b",
                "sha256:e77d0feaff37326f62b127098264e2a7099deb476e38432b1083ce11cdedf560",
                "sha256:ebe83901971a6755512424c4fe9f63341cca501b7c497bf608dd38ee31ba3f4c",
                "sha256:efac9893d9e21cfb599828801c755ecde8f1e657f05ec6f002efe19422456d5a",
                "sha256:fc1472b825d26c8a4f1cfb172a90c3cc47733e4af7522276c1c2efe8f6006a8b",
                "sha256:ffc75c614b8dc3d8102f3ba15dafd6ec0400c7ffa71a91953d41511964ee50e0"
            ],
            "index": "pypi",
            "version": "==4.5.1.48"
        },
        "parso": {
            "hashes": [
                "sha256:8c07be290bb59f03588915921e29e8a50002acaf2cdc5fa0e0114f91709fafa0",
                "sha256:c001d4636cd3aecdaf33cbb40aebb59b094be2a74c556778ef5576c175e19e75"
            ],
            "markers": "python_version >= '3.6'",
            "version": "==0.8.3"
        },
        "pexpect": {
            "hashes": [
                "sha256:0b48a55dcb3c05f3329815901ea4fc1537514d6ba867a152b581d69ae3710937",
                "sha256:fc65a43959d153d0114afe13997d439c22823a27cefceb5ff35c2178c6784c0c"
            ],
            "markers": "sys_platform != 'win32'",
            "version": "==4.8.0"
        },
        "pickleshare": {
            "hashes": [
                "sha256:87683d47965c1da65cdacaf31c8441d12b8044cdec9aca500cd78fc2c683afca",
                "sha256:9649af414d74d4df115d5d718f82acb59c9d418196b7b4290ed47a12ce62df56"
            ],
            "version": "==0.7.5"
        },
        "pillow": {
            "hashes": [
                "sha256:011233e0c42a4a7836498e98c1acf5e744c96a67dd5032a6f666cc1fb97eab97",
                "sha256:0f29d831e2151e0b7b39981756d201f7108d3d215896212ffe2e992d06bfe049",
                "sha256:12875d118f21cf35604176872447cdb57b07126750a33748bac15e77f90f1f9c",
                "sha256:14d4b1341ac07ae07eb2cc682f459bec932a380c3b122f5540432d8977e64eae",
                "sha256:1c3c33ac69cf059bbb9d1a71eeaba76781b450bc307e2291f8a4764d779a6b28",
                "sha256:1d19397351f73a88904ad1aee421e800fe4bbcd1aeee6435fb62d0a05ccd1030",
                "sha256:253e8a302a96df6927310a9d44e6103055e8fb96a6822f8b7f514bb7ef77de56",
                "sha256:2632d0f846b7c7600edf53c48f8f9f1e13e62f66a6dbc15191029d950bfed976",
                "sha256:335ace1a22325395c4ea88e00ba3dc89ca029bd66bd5a3c382d53e44f0ccd77e",
                "sha256:413ce0bbf9fc6278b2d63309dfeefe452835e1c78398efb431bab0672fe9274e",
                "sha256:5100b45a4638e3c00e4d2320d3193bdabb2d75e79793af7c3eb139e4f569f16f",
                "sha256:514ceac913076feefbeaf89771fd6febde78b0c4c1b23aaeab082c41c694e81b",
                "sha256:528a2a692c65dd5cafc130de286030af251d2ee0483a5bf50c9348aefe834e8a",
                "sha256:6295f6763749b89c994fcb6d8a7f7ce03c3992e695f89f00b741b4580b199b7e",
                "sha256:6c8bc8238a7dfdaf7a75f5ec5a663f4173f8c367e5a39f87e720495e1eed75fa",
                "sha256:718856856ba31f14f13ba885ff13874be7fefc53984d2832458f12c38205f7f7",
                "sha256:7f7609a718b177bf171ac93cea9fd2ddc0e03e84d8fa4e887bdfc39671d46b00",
                "sha256:80ca33961ced9c63358056bd08403ff866512038883e74f3a4bf88ad3eb66838",
                "sha256:80fe64a6deb6fcfdf7b8386f2cf216d329be6f2781f7d90304351811fb591360",
                "sha256:81c4b81611e3a3cb30e59b0cf05b888c675f97e3adb2c8672c3154047980726b",
                "sha256:855c583f268edde09474b081e3ddcd5cf3b20c12f26e0d434e1386cc5d318e7a",
                "sha256:9bfdb82cdfeccec50aad441afc332faf8606dfa5e8efd18a6692b5d6e79f00fd",
                "sha256:a5d24e1d674dd9d72c66ad3ea9131322819ff86250b30dc5821cbafcfa0b96b4",
                "sha256:a9f44cd7e162ac6191491d7249cceb02b8116b0f7e847ee33f739d7cb1ea1f70",
                "sha256:b5b3f092fe345c03bca1e0b687dfbb39364b21ebb8ba90e3fa707374b7915204",
                "sha256:b9618823bd237c0d2575283f2939655f54d51b4527ec3972907a927acbcc5bfc",
                "sha256:cef9c85ccbe9bee00909758936ea841ef12035296c748aaceee535969e27d31b",
                "sha256:d21237d0cd37acded35154e29aec853e945950321dd2ffd1a7d86fe686814669",
                "sha256:d3c5c79ab7dfce6d88f1ba639b77e77a17ea33a01b07b99840d6ed08031cb2a7",
                "sha256:d9d7942b624b04b895cb95af03a23407f17646815495ce4547f0e60e0b06f58e",
                "sha256:db6d9fac65bd08cea7f3540b899977c6dee9edad959fa4eaf305940d9cbd861c",
                "sha256:ede5af4a2702444a832a800b8eb7f0a7a1c0eed55b644642e049c98d589e5092",
                "sha256:effb7749713d5317478bb3acb3f81d9d7c7f86726d41c1facca068a04cf5bb4c",
                "sha256:f154d173286a5d1863637a7dcd8c3437bb557520b01bddb0be0258dcb72696b5",
                "sha256:f25ed6e28ddf50de7e7ea99d7a976d6a9c415f03adcaac9c41ff6ff41b6d86ac"
            ],
            "index": "pypi",
            "version": "==9.0.1"
        },
        "prompt-toolkit": {
            "hashes": [
                "sha256:30129d870dcb0b3b6a53efdc9d0a83ea96162ffd28ffe077e94215b233dc670c",
                "sha256:9f1cd16b1e86c2968f2519d7fb31dd9d669916f515612c269d14e9ed52b51650"
            ],
            "markers": "python_full_version >= '3.6.2'",
            "version": "==3.0.28"
        },
        "protobuf": {
            "hashes": [
                "sha256:0209bc6805fd41958147d57661675a33b2bab182784728f4afc42ce2e816f227",
                "sha256:07008fc9163c3fb2b127674e647a207f73be83fcc8c315889befc5b7de666d63",
                "sha256:2a54f109e226e887ee57976dae982d7a68715beff2208caeff9d1cf65850769a",
                "sha256:2b521182fb9f4eee819aa304035f597003c33e3dc8cc50e6b3ab5846062a5dee",
                "sha256:3be54d8bf6708086ef29f35db4d0d4e302523c60811e334e3b011e57ebc3000f",
                "sha256:504de18b944724b29abe00aa27acda8077d7fd494dc737bf7697513ce6073adb",
                "sha256:54afd960374ba6a6da4c45bf88a546efe9edb76fa29b25ef352a1614fa042365",
                "sha256:5bbc58e9835d1e85498712c32efc5c259357bde2f8711504e2f6169a2e78691c",
                "sha256:5f5fbdec3104bf526712741881b4fcf40a7fa2e95b6284d14787c2dc17c5ea95",
                "sha256:696642ca02ec407472375fada149fa38c31d53733494235e5430e9c070161a6c",
                "sha256:6c68ef8a07d708faee9593e1e704568b38e15ca280de182f1ee24e8a81ee0891",
                "sha256:736cb735bb652ffb633be3b6c74caab8b0f0a2bfde93527d15b31f0eaf5ffd30",
                "sha256:79463bb565e27c0827a48257bc9ed8f6b8f772788cd4e2c67dbe0bd217f4712f",
                "sha256:7f5566d7abddf092e72c99be98f21bf8a3b60bf747c64c8d6d96897fa586f9ae",
                "sha256:861a5f3ade5ca10c0e00b0f61da6b154ee541214552cf2cfb346f63ceb484a14",
                "sha256:92adb2ae4ae205e75ff5257bce9ad1b5f3383eca2f18b4502deb6662692e2bcf",
                "sha256:a729da811ddff4b4cbdb01b9b23c3f8f0539ce222a0cad6d6be7cc31573fe831",
                "sha256:b0a63371697f497f5b31bdc39f98ea5753438a6bc86375a5df7506e02bd7d2c4",
                "sha256:bb568219d5071efe9a576ff0b551b8dfc3b78c02b59dc23ca11ee4b5b9a09a6d",
                "sha256:bc6a87ed8b5925a7bebe842fb7185831da1d79047afd0620aed2a67aac16b31e",
                "sha256:ce1aeb0e389ef13377d48e7db25159505f40fac9d1aeddd6fcf1396fad391aaa",
                "sha256:e40a97c76b63bdcfe42f40cf46acec7471f324de7efd7687a9bd04ef678e39c6",
                "sha256:f72934e18f6fa8ba9c131a94000b57e88a481ce69b81a33035346ec8d65df1b8",
                "sha256:fa86ea97649a36482eb4a5c01ce30c330288148debebdaf522d78a9744d84876"
            ],
            "markers": "python_version >= '3.7'",
            "version": "==3.20.0rc1"
        },
        "ptyprocess": {
            "hashes": [
                "sha256:4b41f3967fce3af57cc7e94b888626c18bf37a083e3651ca8feeb66d492fef35",
                "sha256:5c5d0a3b48ceee0b48485e0c26037c0acd7d29765ca3fbb5cb3831d347423220"
            ],
            "version": "==0.7.0"
        },
        "pygments": {
            "hashes": [
                "sha256:44238f1b60a76d78fc8ca0528ee429702aae011c265fe6a8dd8b63049ae41c65",
                "sha256:4e426f72023d88d03b2fa258de560726ce890ff3b630f88c21cbb8b2503b8c6a"
            ],
            "markers": "python_version >= '3.5'",
            "version": "==2.11.2"
        },
        "pyparsing": {
            "hashes": [
                "sha256:18ee9022775d270c55187733956460083db60b37d0d0fb357445f3094eed3eea",
                "sha256:a6c06a88f252e6c322f65faf8f418b16213b51bdfaece0524c1c1bc30c63c484"
            ],
            "markers": "python_version >= '3.6'",
            "version": "==3.0.7"
        },
        "python-dateutil": {
            "hashes": [
                "sha256:0123cacc1627ae19ddf3c27a5de5bd67ee4586fbdd6440d9748f8abb483d3e86",
                "sha256:961d03dc3453ebbc59dbdea9e4e11c5651520a876d0f4db161e8674aae935da9"
            ],
            "markers": "python_version >= '2.7' and python_version not in '3.0, 3.1, 3.2, 3.3'",
            "version": "==2.8.2"
        },
        "pywavelets": {
            "hashes": [
                "sha256:0ed3afbda88498b3ea3c861bf5b55e4feca41747730a71a22102ed5a74d1e453",
                "sha256:27e99818d3c26481de3c68dbe880a7fcafe661cc031b22eff4a64237fe17a7ff",
                "sha256:307ab8a4c3e5c2b8f7d3d371de4a5f019cf4b030b897c3394a4a7ad157369367",
                "sha256:3383d106fa8da0c2df30401ad056cd7a11b76d885f4bfa16ca7bcc6b4ca2831c",
                "sha256:35a945bea9da6db9755e42e06e871846514ae91bde3ae24a08a1d090b003a23b",
                "sha256:38cc635c08a050e175a492e66c9b63a8e1f42254e6879e614b6c9d8d69e0887f",
                "sha256:3c4ebe7ff2c9092f6bdd1f8bf98ce2745f5d43a9936d6e342ee83fbcae548116",
                "sha256:3d3ecc2ee87be94fb2dc8c2d35bcae3f24708677196e80028d24ba0fd2f6a70a",
                "sha256:3eeffcf2f7eebae5cc27cb11a7d0d96118e2e9f75ac38ff1a05373d5fe75accb",
                "sha256:41e4f0a3a6a088e955006513fe72f863cea3ce293033131cacb8a1a3068ed228",
                "sha256:437806465cfa5f2d91809ec13154be050b84a11025784a6b6ce04ac452872b36",
                "sha256:5b76731d2077242611b32f2e11c72adbf126b432ceae92e2ce8d0f693974c96d",
                "sha256:69e9a46facf89b51e5700d10f6d831f29745471c1ab42917f2f849a257b9fd77",
                "sha256:6ecfe051ccb097c2dcdcb0977e0a684e76144d6694a202badf0780143d8536f0",
                "sha256:84c58a179bdb9fc71039b1f68bcd0718a7d9814b5e3741d7681d3e027bb81b52",
                "sha256:8a5941d1f4eb1bc9569c655b63ecb31aa15b3ef0fc9b57df275892c39bccc59e",
                "sha256:91e1b220f0ddd4c127bab718363c2c4a07dbcd95b9c4bfed09a3cdae47dbba43",
                "sha256:a354979e2ee8cd71a8952ded381f3d9f981692b73c6842bcc6c9f64047e0a5be",
                "sha256:a486160f83efd8517cd748796adbab7c445ee8a3e1d168b4b8b60ed0f5aee3a0",
                "sha256:a51225d24811ba7ef5184c03bb7072db0aa9651c4370a115d4069dedfb8d2f7a",
                "sha256:a555a7a85da01357d8258cb45f751881f69013f8920f8738718c60cf8a47b755",
                "sha256:c98ac1cee6276db05768e450dc3002033be6c2819c906103a974e0fb0d436f41",
                "sha256:cbaa9d62052d9daf8da765fc8e7c30c38ea2b8e9e1c18841913dfb4aec671ee5",
                "sha256:d4f9ed4f175c66c9b8646a93fd54c588fd8f4b2517f53c59aea5cdf370f9c9ba",
                "sha256:d7369597e1b1d125eb4b458a36cef052beed188444e55ed21445c1196008e200",
                "sha256:de67deb275474094e160900ab7e07f2a721b9cd351cf3826c4a3ab89bb71d4b3",
                "sha256:e8876764e349673ee8d48bc3cd0afd2f9f7b65378998e2665af12c277c8a56de",
                "sha256:eebaa9c28600da336743fefd650332460c132792660e70eb09abf343b0664b87",
                "sha256:f6e7d969a6ef64ae8be1766b0b0e32debb13424543d331911b8d7e967d60dd42",
                "sha256:fccf468c55427828a3c534b651311f2759210836491c1112e1548e1babe368a5"
            ],
            "markers": "python_version >= '3.7'",
            "version": "==1.3.0"
        },
        "scikit-image": {
            "hashes": [
                "sha256:1256017c513e8e1b8b9da73e5fd1e605d0077bbbc8e5c8d6c2cab36400131c6c",
                "sha256:1cd05c882ffb2a271a1f20b4afe937d63d55b8753c3d652f11495883a7800ebe",
                "sha256:23f9178b21c752bfb4e4ea3a3fa0ff79bc5a401bc75ddb4661f2cebd1c2b0e24",
                "sha256:2c058770c6ad6e0fe6c30f59970c9c65fa740ff014d121d8c341664cd792cf49",
                "sha256:2eea42706a25ae6e0cebaf1914e2ab1c04061b1f3c9966d76025d58a2e9188fc",
                "sha256:30447af3f5b7c9491f2d3db5bc275493d1b91bf1dd16b67e2fd79a6bb95d8ee9",
                "sha256:3515b890e771f99bbe1051a0dcfe0fc477da961da933c34f89808a0f1eeb7dc2",
                "sha256:5f602779258807d03e72c0a439cfb221f647e628be166fb3594397435f13c76b",
                "sha256:76446e2402e64d7dba78eeae8aa86e92a0cafe5b1c9e6235bd8d067471ed2788",
                "sha256:ae6659b3a8bd4bba7e9dcbfd0064e443b32c7054bf09174749db896730fcf42e",
                "sha256:c700336a7f96109c74154090c5e693693a8e3fa09ed6156a5996cdc9a3bb1534",
                "sha256:d5ad4a9b4c9797d4c4c48f45fa224c5ebff22b9b0af636c3ecb8addbb66c21e6",
                "sha256:d746540cafe7776c6d05a0b40ec744bb8d33d1ddc51faba601d26c02593d8bcc",
                "sha256:e972c628ad9ba52c298b032368e29af9bd5eeb81ce33bc2d9b039a81661c99c5",
                "sha256:ec25e4110951d3a280421bb10dd510a082ba83d86e20d706294faf7899cdb3d5",
                "sha256:fbb618ca911867bce45574c1639618cdfb5d94e207432b19bc19563d80d2f171"
            ],
            "index": "pypi",
            "version": "==0.18.1"
        },
        "scikit-learn": {
            "hashes": [
                "sha256:0567a2d29ad08af98653300c623bd8477b448fe66ced7198bef4ed195925f082",
                "sha256:087dfede39efb06ab30618f9ab55a0397f29c38d63cd0ab88d12b500b7d65fd7",
                "sha256:1adf483e91007a87171d7ce58c34b058eb5dab01b5fee6052f15841778a8ecd8",
                "sha256:259ec35201e82e2db1ae2496f229e63f46d7f1695ae68eef9350b00dc74ba52f",
                "sha256:3c4f07f47c04e81b134424d53c3f5e16dfd7f494e44fd7584ba9ce9de2c5e6c1",
                "sha256:4562dcf4793e61c5d0f89836d07bc37521c3a1889da8f651e2c326463c4bd697",
                "sha256:4ddd2b6f7449a5d539ff754fa92d75da22de261fd8fdcfb3596799fadf255101",
                "sha256:54be0a60a5a35005ad69c75902e0f5c9f699db4547ead427e97ef881c3242e6f",
                "sha256:5580eba7345a4d3b097be2f067cc71a306c44bab19e8717a30361f279c929bea",
                "sha256:7b04691eb2f41d2c68dbda8d1bd3cb4ef421bdc43aaa56aeb6c762224552dfb6",
                "sha256:826b92bf45b8ad80444814e5f4ac032156dd481e48d7da33d611f8fe96d5f08b",
                "sha256:83b21ff053b1ff1c018a2d24db6dd3ea339b1acfbaa4d9c881731f43748d8b3b",
                "sha256:8772b99d683be8f67fcc04789032f1b949022a0e6880ee7b75a7ec97dbbb5d0b",
                "sha256:895dbf2030aa7337649e36a83a007df3c9811396b4e2fa672a851160f36ce90c",
                "sha256:8aa1b3ac46b80eaa552b637eeadbbce3be5931e4b5002b964698e33a1b589e1e",
                "sha256:9599a3f3bf33f73fed0fe06d1dfa4e6081365a58c1c807acb07271be0dce9733",
                "sha256:99349d77f54e11f962d608d94dfda08f0c9e5720d97132233ebdf35be2858b2d",
                "sha256:9a24d1ccec2a34d4cd3f2a1f86409f3f5954cc23d4d2270ba0d03cf018aa4780",
                "sha256:9bed8a1ef133c8e2f13966a542cb8125eac7f4b67dcd234197c827ba9c7dd3e0",
                "sha256:9c6097b6a9b2bafc5e0f31f659e6ab5e131383209c30c9e978c5b8abdac5ed2a",
                "sha256:9dfa564ef27e8e674aa1cc74378416d580ac4ede1136c13dd555a87996e13422",
                "sha256:a0334a1802e64d656022c3bfab56a73fbd6bf4b1298343f3688af2151810bbdf",
                "sha256:a29460499c1e62b7a830bb57ca42e615375a6ab1bcad053cd25b493588348ea8",
                "sha256:a36e159a0521e13bbe15ca8c8d038b3a1dd4c7dad18d276d76992e03b92cf643",
                "sha256:abe835a851610f87201819cb315f8d554e1a3e8128912783a31e87264ba5ffb7",
                "sha256:c13ebac42236b1c46397162471ea1c46af68413000e28b9309f8c05722c65a09",
                "sha256:c3deb3b19dd9806acf00cf0d400e84562c227723013c33abefbbc3cf906596e9",
                "sha256:c658432d8a20e95398f6bb95ff9731ce9dfa343fdf21eea7ec6a7edfacd4b4d9",
                "sha256:c7f4eb77504ac586d8ac1bde1b0c04b504487210f95297235311a0ab7edd7e38",
                "sha256:d54dbaadeb1425b7d6a66bf44bee2bb2b899fe3e8850b8e94cfb9c904dcb46d0",
                "sha256:ddb52d088889f5596bc4d1de981f2eca106b58243b6679e4782f3ba5096fd645",
                "sha256:ed9d65594948678827f4ff0e7ae23344e2f2b4cabbca057ccaed3118fdc392ca",
                "sha256:fab31f48282ebf54dd69f6663cd2d9800096bad1bb67bbc9c9ac84eb77b41972"
            ],
            "index": "pypi",
            "version": "==0.24.1"
        },
        "scipy": {
            "hashes": [
                "sha256:011d4386b53b933142f58a652aa0f149c9b9242abd4f900b9f4ea5fbafc86b89",
                "sha256:16e09ef68b352d73befa8bcaf3ebe25d3941fe1a58c82909d5589856e6bc8174",
                "sha256:31d4f2d6b724bc9a98e527b5849b8a7e589bf1ea630c33aa563eda912c9ff0bd",
                "sha256:38aa39b6724cb65271e469013aeb6f2ce66fd44f093e241c28a9c6bc64fd79ed",
                "sha256:3d573228c10a3a8c32b9037be982e6440e411b443a6267b067cac72f690b8d56",
                "sha256:3d9dd6c8b93a22bf9a3a52d1327aca7e092b1299fb3afc4f89e8eba381be7b59",
                "sha256:559a8a4c03a5ba9fe3232f39ed24f86457e4f3f6c0abbeae1fb945029f092720",
                "sha256:5e73343c5e0d413c1f937302b2e04fb07872f5843041bcfd50699aef6e95e399",
                "sha256:723b9f878095ed994756fa4ee3060c450e2db0139c5ba248ee3f9628bd64e735",
                "sha256:87b01c7d5761e8a266a0fbdb9d88dcba0910d63c1c671bdb4d99d29f469e9e03",
                "sha256:8f4d059a97b29c91afad46b1737274cb282357a305a80bdd9e8adf3b0ca6a3f0",
                "sha256:92b2c2af4183ed09afb595709a8ef5783b2baf7f41e26ece24e1329c109691a7",
                "sha256:937d28722f13302febde29847bbe554b89073fbb924a30475e5ed7b028898b5f",
                "sha256:a279e27c7f4566ef18bab1b1e2c37d168e365080974758d107e7d237d3f0f484",
                "sha256:ad5be4039147c808e64f99c0e8a9641eb5d2fa079ff5894dcd8240e94e347af4",
                "sha256:ae3e327da323d82e918e593460e23babdce40d7ab21490ddf9fc06dec6b91a18",
                "sha256:bb7088e89cd751acf66195d2f00cf009a1ea113f3019664032d9075b1e727b6c",
                "sha256:c17a1878d00a5dd2797ccd73623ceca9d02375328f6218ee6d921e1325e61aff",
                "sha256:c2bae431d127bf0b1da81fc24e4bba0a84d058e3a96b9dd6475dfcb3c5e8761e",
                "sha256:de2e80ee1d925984c2504812a310841c241791c5279352be4707cdcd7c255039",
                "sha256:e6f0cd9c0bd374ef834ee1e0f0999678d49dcc400ea6209113d81528958f97c7",
                "sha256:f3720d0124aced49f6f2198a6900304411dbbeed12f56951d7c66ebef05e3df6",
                "sha256:f4a6d3b9f9797eb2d43938ac2c5d96d02aed17ef170c8b38f11798717523ddba"
            ],
            "markers": "python_version < '3.11' and python_version >= '3.8'",
            "version": "==1.8.0"
        },
        "setuptools": {
            "hashes": [
                "sha256:2347b2b432c891a863acadca2da9ac101eae6169b1d3dfee2ec605ecd50dbfe5",
                "sha256:e4f30b9f84e5ab3decf945113119649fec09c1fc3507c6ebffec75646c56e62b"
            ],
            "markers": "python_version >= '3.7'",
            "version": "==60.9.3"
        },
        "six": {
            "hashes": [
                "sha256:1e61c37477a1626458e36f7b1d82aa5c9b094fa4802892072e49de9c60c4c926",
                "sha256:8abb2f1d86890a2dfb989f9a77cfcfd3e47c2a354b01111771326f8aa26e0254"
            ],
            "markers": "python_version >= '2.7' and python_version not in '3.0, 3.1, 3.2, 3.3'",
            "version": "==1.16.0"
        },
        "tensorboardx": {
            "hashes": [
                "sha256:2d81c10d9e3225dcd9bb5fb277588610bdf45317603e7682f6953d83b5b38f6a",
                "sha256:9e8907cf2ab900542d6cb72bf91aa87b43005a7f0aa43126268697e3727872f9"
            ],
            "index": "pypi",
            "version": "==2.1"
        },
        "threadpoolctl": {
            "hashes": [
                "sha256:8b99adda265feb6773280df41eece7b2e6561b772d21ffd52e372f999024907b",
                "sha256:a335baacfaa4400ae1f0d8e3a58d6674d2f8828e3716bb2802c44955ad391380"
            ],
            "markers": "python_version >= '3.6'",
            "version": "==3.1.0"
        },
        "tifffile": {
            "hashes": [
                "sha256:7eda74117643681bb2caa695b48f39e2243b4887f7cf991d5adffd813e5c8373",
                "sha256:cf6c32777e1ff6249e9227196535c5ab8531ec520744cf2a62789535d4aec417"
            ],
            "markers": "python_version >= '3.8'",
            "version": "==2022.2.9"
        },
        "torch": {
            "hashes": [
                "sha256:2e49cac969976be63117004ee00d0a3e3dd4ea662ad77383f671b8992825de1a",
                "sha256:38d67f4fb189a92a977b2c0a38e4f6dd413e0bf55aa6d40004696df7e40a71ff",
                "sha256:422e64e98d0e100c360993819d0307e5d56e9517b26135808ad68984d577d75a",
                "sha256:5d76c255a41484c1d41a9ff570b9c9f36cb85df9428aa15a58ae16ac7cfc2ea6",
                "sha256:6652a767a0572ae0feb74ad128758e507afd3b8396b6e7f147e438ba8d4c6f63",
                "sha256:a3793dcceb12b1e2281290cca1277c5ce86ddfd5bf044f654285a4d69057aea7",
                "sha256:af464a6f4314a875035e0c4c2b07517599704b214634f4ed3ad2e748c5ef291f",
                "sha256:d241c3f1c4d563e4ba86f84769c23e12606db167ee6f674eedff6d02901462e3",
                "sha256:dd2fc6880c95e836960d86efbbc7f63d3287f2e1893c51d31f96dbfe02f0d73e",
                "sha256:de84b4166e3f7335eb868b51d3bbd909ec33828af27290b4171bce832a55be3c",
                "sha256:e000b94be3aa58ad7f61e7d07cf379ea9366cf6c6874e68bd58ad0bdc537b3a7",
                "sha256:f0aaf657145533824b15f2fd8fde8f8c67fe6c6281088ef588091f03fad90243"
            ],
            "index": "pypi",
            "version": "==1.7.1"
        },
        "torchvision": {
            "hashes": [
                "sha256:1bd58acc3366ec02266aae56a7a752d43ef07de4a6ba420c4f907d0c9168bb8c",
                "sha256:24db8f4c3d812a032273f68563ad5dbd724f5bfbed523d0c6dce8cede26bb153",
                "sha256:86fae370d222f76ad57c57c3bee03f78b8db727743bfb4c1559a3d395159cea8",
                "sha256:951239b5fcb911dbf78c1385d677f5f48c7a1b12859e3d3ec287562821b17cf2",
                "sha256:976750a49db2e23dc5a1ed0b5c31f7af51ed2702eee410ee09ef985c3a3e48cf",
                "sha256:afb76a66b9b0693f758a881a2bf333ed97e3c0c3f15a413c4f49d8dd8bd21307",
                "sha256:b068f6bcbe91bdd34dda0a39e8a26392add45a3be82543f6dd523b76484fb56f",
                "sha256:cd8817e9197fc60ebae37162a445db90bbf35591314a5767ad3d1490b5d65b0f"
            ],
            "index": "pypi",
            "version": "==0.8.2"
        },
        "traitlets": {
            "hashes": [
                "sha256:059f456c5a7c1c82b98c2e8c799f39c9b8128f6d0d46941ee118daace9eb70c7",
                "sha256:2d313cc50a42cd6c277e7d7dc8d4d7fedd06a2c215f78766ae7b1a66277e0033"
            ],
            "markers": "python_version >= '3.7'",
            "version": "==5.1.1"
        },
        "typing-extensions": {
            "hashes": [
                "sha256:1a9462dcc3347a79b1f1c0271fbe79e844580bb598bafa1ed208b94da3cdcd42",
                "sha256:21c85e0fe4b9a155d0799430b0ad741cdce7e359660ccbd8b530613e8df88ce2"
            ],
            "markers": "python_version >= '3.6'",
            "version": "==4.1.1"
        },
        "wcwidth": {
            "hashes": [
                "sha256:beb4802a9cebb9144e99086eff703a642a13d6a0052920003a230f3294bbe784",
                "sha256:c4d647b99872929fdb7bdcaa4fbe7f01413ed3d98077df798530e5b04f116c83"
            ],
            "version": "==0.2.5"
        }
    },
    "develop": {
        "appdirs": {
            "hashes": [
                "sha256:7d5d0167b2b1ba821647616af46a749d1c653740dd0d2415100fe26e27afdf41",
                "sha256:a841dacd6b99318a741b166adb07e19ee71a274450e68237b4650ca1055ab128"
            ],
            "version": "==1.4.4"
        },
        "black": {
            "hashes": [
                "sha256:1c02557aa099101b9d21496f8a914e9ed2222ef70336404eeeac8edba836fbea"
            ],
            "index": "pypi",
            "version": "==20.8b1"
        },
        "click": {
            "hashes": [
                "sha256:6a7a62563bbfabfda3a38f3023a1db4a35978c0abd76f6c9605ecd6554d6d9b1",
                "sha256:8458d7b1287c5fb128c90e23381cf99dcde74beaf6c7ff6384ce84d6fe090adb"
            ],
            "markers": "python_version >= '3.6'",
            "version": "==8.0.4"
        },
        "mypy-extensions": {
            "hashes": [
                "sha256:090fedd75945a69ae91ce1303b5824f428daf5a028d2f6ab8a299250a846f15d",
                "sha256:2d82818f5bb3e369420cb3c4060a7970edba416647068eb4c5343488a6c604a8"
            ],
            "version": "==0.4.3"
        },
        "pathspec": {
            "hashes": [
                "sha256:7d15c4ddb0b5c802d161efc417ec1a2558ea2653c2e8ad9c19098201dc1c993a",
                "sha256:e564499435a2673d586f6b2130bb5b95f04a3ba06f81b8f895b651a3c76aabb1"
            ],
            "version": "==0.9.0"
        },
        "regex": {
            "hashes": [
                "sha256:0008650041531d0eadecc96a73d37c2dc4821cf51b0766e374cb4f1ddc4e1c14",
                "sha256:03299b0bcaa7824eb7c0ebd7ef1e3663302d1b533653bfe9dc7e595d453e2ae9",
                "sha256:06b1df01cf2aef3a9790858af524ae2588762c8a90e784ba00d003f045306204",
                "sha256:09b4b6ccc61d4119342b26246ddd5a04accdeebe36bdfe865ad87a0784efd77f",
                "sha256:0be0c34a39e5d04a62fd5342f0886d0e57592a4f4993b3f9d257c1f688b19737",
                "sha256:0d96eec8550fd2fd26f8e675f6d8b61b159482ad8ffa26991b894ed5ee19038b",
                "sha256:0eb0e2845e81bdea92b8281a3969632686502565abf4a0b9e4ab1471c863d8f3",
                "sha256:13bbf0c9453c6d16e5867bda7f6c0c7cff1decf96c5498318bb87f8136d2abd4",
                "sha256:17e51ad1e6131c496b58d317bc9abec71f44eb1957d32629d06013a21bc99cac",
                "sha256:1977bb64264815d3ef016625adc9df90e6d0e27e76260280c63eca993e3f455f",
                "sha256:1e30762ddddb22f7f14c4f59c34d3addabc789216d813b0f3e2788d7bcf0cf29",
                "sha256:1e73652057473ad3e6934944af090852a02590c349357b79182c1b681da2c772",
                "sha256:20e6a27959f162f979165e496add0d7d56d7038237092d1aba20b46de79158f1",
                "sha256:286ff9ec2709d56ae7517040be0d6c502642517ce9937ab6d89b1e7d0904f863",
                "sha256:297c42ede2c81f0cb6f34ea60b5cf6dc965d97fa6936c11fc3286019231f0d66",
                "sha256:320c2f4106962ecea0f33d8d31b985d3c185757c49c1fb735501515f963715ed",
                "sha256:35ed2f3c918a00b109157428abfc4e8d1ffabc37c8f9abc5939ebd1e95dabc47",
                "sha256:3d146e5591cb67c5e836229a04723a30af795ef9b70a0bbd913572e14b7b940f",
                "sha256:42bb37e2b2d25d958c25903f6125a41aaaa1ed49ca62c103331f24b8a459142f",
                "sha256:42d6007722d46bd2c95cce700181570b56edc0dcbadbfe7855ec26c3f2d7e008",
                "sha256:43eba5c46208deedec833663201752e865feddc840433285fbadee07b84b464d",
                "sha256:452519bc4c973e961b1620c815ea6dd8944a12d68e71002be5a7aff0a8361571",
                "sha256:4b9c16a807b17b17c4fa3a1d8c242467237be67ba92ad24ff51425329e7ae3d0",
                "sha256:5510932596a0f33399b7fff1bd61c59c977f2b8ee987b36539ba97eb3513584a",
                "sha256:55820bc631684172b9b56a991d217ec7c2e580d956591dc2144985113980f5a3",
                "sha256:57484d39447f94967e83e56db1b1108c68918c44ab519b8ecfc34b790ca52bf7",
                "sha256:58ba41e462653eaf68fc4a84ec4d350b26a98d030be1ab24aba1adcc78ffe447",
                "sha256:5bc5f921be39ccb65fdda741e04b2555917a4bced24b4df14eddc7569be3b493",
                "sha256:5dcc4168536c8f68654f014a3db49b6b4a26b226f735708be2054314ed4964f4",
                "sha256:5f92a7cdc6a0ae2abd184e8dfd6ef2279989d24c85d2c85d0423206284103ede",
                "sha256:67250b36edfa714ba62dc62d3f238e86db1065fccb538278804790f578253640",
                "sha256:6df070a986fc064d865c381aecf0aaff914178fdf6874da2f2387e82d93cc5bd",
                "sha256:729aa8ca624c42f309397c5fc9e21db90bf7e2fdd872461aabdbada33de9063c",
                "sha256:72bc3a5effa5974be6d965ed8301ac1e869bc18425c8a8fac179fbe7876e3aee",
                "sha256:74d86e8924835f863c34e646392ef39039405f6ce52956d8af16497af4064a30",
                "sha256:79e5af1ff258bc0fe0bdd6f69bc4ae33935a898e3cbefbbccf22e88a27fa053b",
                "sha256:7b103dffb9f6a47ed7ffdf352b78cfe058b1777617371226c1894e1be443afec",
                "sha256:83f03f0bd88c12e63ca2d024adeee75234d69808b341e88343b0232329e1f1a1",
                "sha256:86d7a68fa53688e1f612c3246044157117403c7ce19ebab7d02daf45bd63913e",
                "sha256:878c626cbca3b649e14e972c14539a01191d79e58934e3f3ef4a9e17f90277f8",
                "sha256:878f5d649ba1db9f52cc4ef491f7dba2d061cdc48dd444c54260eebc0b1729b9",
                "sha256:87bc01226cd288f0bd9a4f9f07bf6827134dc97a96c22e2d28628e824c8de231",
                "sha256:8babb2b5751105dc0aef2a2e539f4ba391e738c62038d8cb331c710f6b0f3da7",
                "sha256:91e0f7e7be77250b808a5f46d90bf0032527d3c032b2131b63dee54753a4d729",
                "sha256:9557545c10d52c845f270b665b52a6a972884725aa5cf12777374e18f2ea8960",
                "sha256:9ccb0a4ab926016867260c24c192d9df9586e834f5db83dfa2c8fffb3a6e5056",
                "sha256:9d828c5987d543d052b53c579a01a52d96b86f937b1777bbfe11ef2728929357",
                "sha256:9efa41d1527b366c88f265a227b20bcec65bda879962e3fc8a2aee11e81266d7",
                "sha256:aaf5317c961d93c1a200b9370fb1c6b6836cc7144fef3e5a951326912bf1f5a3",
                "sha256:ab69b4fe09e296261377d209068d52402fb85ef89dc78a9ac4a29a895f4e24a7",
                "sha256:ad397bc7d51d69cb07ef89e44243f971a04ce1dca9bf24c992c362406c0c6573",
                "sha256:ae17fc8103f3b63345709d3e9654a274eee1c6072592aec32b026efd401931d0",
                "sha256:af4d8cc28e4c7a2f6a9fed544228c567340f8258b6d7ea815b62a72817bbd178",
                "sha256:b22ff939a8856a44f4822da38ef4868bd3a9ade22bb6d9062b36957c850e404f",
                "sha256:b549d851f91a4efb3e65498bd4249b1447ab6035a9972f7fc215eb1f59328834",
                "sha256:be319f4eb400ee567b722e9ea63d5b2bb31464e3cf1b016502e3ee2de4f86f5c",
                "sha256:c0446b2871335d5a5e9fcf1462f954586b09a845832263db95059dcd01442015",
                "sha256:c68d2c04f7701a418ec2e5631b7f3552efc32f6bcc1739369c6eeb1af55f62e0",
                "sha256:c87ac58b9baaf50b6c1b81a18d20eda7e2883aa9a4fb4f1ca70f2e443bfcdc57",
                "sha256:caa2734ada16a44ae57b229d45091f06e30a9a52ace76d7574546ab23008c635",
                "sha256:cb34c2d66355fb70ae47b5595aafd7218e59bb9c00ad8cc3abd1406ca5874f07",
                "sha256:cb3652bbe6720786b9137862205986f3ae54a09dec8499a995ed58292bdf77c2",
                "sha256:cf668f26604e9f7aee9f8eaae4ca07a948168af90b96be97a4b7fa902a6d2ac1",
                "sha256:d326ff80ed531bf2507cba93011c30fff2dd51454c85f55df0f59f2030b1687b",
                "sha256:d6c2441538e4fadd4291c8420853431a229fcbefc1bf521810fbc2629d8ae8c2",
                "sha256:d6ecfd1970b3380a569d7b3ecc5dd70dba295897418ed9e31ec3c16a5ab099a5",
                "sha256:e5602a9b5074dcacc113bba4d2f011d2748f50e3201c8139ac5b68cf2a76bd8b",
                "sha256:ef806f684f17dbd6263d72a54ad4073af42b42effa3eb42b877e750c24c76f86",
                "sha256:f3356afbb301ec34a500b8ba8b47cba0b44ed4641c306e1dd981a08b416170b5",
                "sha256:f6f7ee2289176cb1d2c59a24f50900f8b9580259fa9f1a739432242e7d254f93",
                "sha256:f7e8f1ee28e0a05831c92dc1c0c1c94af5289963b7cf09eca5b5e3ce4f8c91b0",
                "sha256:f8169ec628880bdbca67082a9196e2106060a4a5cbd486ac51881a4df805a36f",
                "sha256:fbc88d3ba402b5d041d204ec2449c4078898f89c4a6e6f0ed1c1a510ef1e221d",
                "sha256:fbd3fe37353c62fd0eb19fb76f78aa693716262bcd5f9c14bb9e5aca4b3f0dc4"
            ],
            "markers": "python_version >= '3.6'",
            "version": "==2022.3.2"
        },
        "toml": {
            "hashes": [
                "sha256:806143ae5bfb6a3c6e736a764057db0e6a0e05e338b5630894a5f779cabb4f9b",
                "sha256:b3bda1d108d5dd99f4a20d24d9c348e91c4db7ab1b749200bded2f839ccbe68f"
            ],
            "markers": "python_version >= '2.6' and python_version not in '3.0, 3.1, 3.2, 3.3'",
            "version": "==0.10.2"
        },
        "typed-ast": {
            "hashes": [
                "sha256:0eb77764ea470f14fcbb89d51bc6bbf5e7623446ac4ed06cbd9ca9495b62e36e",
                "sha256:1098df9a0592dd4c8c0ccfc2e98931278a6c6c53cb3a3e2cf7e9ee3b06153344",
                "sha256:183b183b7771a508395d2cbffd6db67d6ad52958a5fdc99f450d954003900266",
                "sha256:18fe320f354d6f9ad3147859b6e16649a0781425268c4dde596093177660e71a",
                "sha256:26a432dc219c6b6f38be20a958cbe1abffcc5492821d7e27f08606ef99e0dffd",
                "sha256:294a6903a4d087db805a7656989f613371915fc45c8cc0ddc5c5a0a8ad9bea4d",
                "sha256:31d8c6b2df19a777bc8826770b872a45a1f30cfefcfd729491baa5237faae837",
                "sha256:33b4a19ddc9fc551ebabca9765d54d04600c4a50eda13893dadf67ed81d9a098",
                "sha256:42c47c3b43fe3a39ddf8de1d40dbbfca60ac8530a36c9b198ea5b9efac75c09e",
                "sha256:525a2d4088e70a9f75b08b3f87a51acc9cde640e19cc523c7e41aa355564ae27",
                "sha256:58ae097a325e9bb7a684572d20eb3e1809802c5c9ec7108e85da1eb6c1a3331b",
                "sha256:676d051b1da67a852c0447621fdd11c4e104827417bf216092ec3e286f7da596",
                "sha256:74cac86cc586db8dfda0ce65d8bcd2bf17b58668dfcc3652762f3ef0e6677e76",
                "sha256:8c08d6625bb258179b6e512f55ad20f9dfef019bbfbe3095247401e053a3ea30",
                "sha256:90904d889ab8e81a956f2c0935a523cc4e077c7847a836abee832f868d5c26a4",
                "sha256:963a0ccc9a4188524e6e6d39b12c9ca24cc2d45a71cfdd04a26d883c922b4b78",
                "sha256:bbebc31bf11762b63bf61aaae232becb41c5bf6b3461b80a4df7e791fabb3aca",
                "sha256:bc2542e83ac8399752bc16e0b35e038bdb659ba237f4222616b4e83fb9654985",
                "sha256:c29dd9a3a9d259c9fa19d19738d021632d673f6ed9b35a739f48e5f807f264fb",
                "sha256:c7407cfcad702f0b6c0e0f3e7ab876cd1d2c13b14ce770e412c0c4b9728a0f88",
                "sha256:da0a98d458010bf4fe535f2d1e367a2e2060e105978873c04c04212fb20543f7",
                "sha256:df05aa5b241e2e8045f5f4367a9f6187b09c4cdf8578bb219861c4e27c443db5",
                "sha256:f290617f74a610849bd8f5514e34ae3d09eafd521dceaa6cf68b3f4414266d4e",
                "sha256:f30ddd110634c2d7534b2d4e0e22967e88366b0d356b24de87419cc4410c41b7"
            ],
            "markers": "python_version >= '3.6'",
            "version": "==1.5.2"
        },
        "typing-extensions": {
            "hashes": [
                "sha256:1a9462dcc3347a79b1f1c0271fbe79e844580bb598bafa1ed208b94da3cdcd42",
                "sha256:21c85e0fe4b9a155d0799430b0ad741cdce7e359660ccbd8b530613e8df88ce2"
            ],
            "markers": "python_version >= '3.6'",
            "version": "==4.1.1"
        }
    }
}
